
Microsoft Visual Studio Solution File, Format Version 11.00
# Visual Studio 2010
Project("{FAE04EC0-301F-11D3-BF4B-00C04F79EFBC}") = "CustomizeEnterKey_2010", "CustomizeEnterKey_2010.csproj", "{566820F8-51E8-41A3-B090-9196577066D4}"
EndProject
Global
	GlobalSection(SolutionConfigurationPlatforms) = preSolution
		Debug|Any CPU = Debug|Any CPU
		Release|Any CPU = Release|Any CPU
	EndGlobalSection
	GlobalSection(ProjectConfigurationPlatforms) = postSolution
		{566820F8-51E8-41A3-B090-9196577066D4}.Debug|Any CPU.ActiveCfg = Debug|Any CPU
		{566820F8-51E8-41A3-B090-9196577066D4}.Debug|Any CPU.Build.0 = Debug|Any CPU
		{566820F8-51E8-41A3-B090-9196577066D4}.Release|Any CPU.ActiveCfg = Release|Any CPU
		{566820F8-51E8-41A3-B090-9196577066D4}.Release|Any CPU.Build.0 = Release|Any CPU
	EndGlobalSection
	GlobalSection(SolutionProperties) = preSolution
		HideSolutionNode = FALSE
	EndGlobalSection
EndGlobal
